
Microsoft Visual Studio Solution File, Format Version 12.00
# Visual Studio Version 17
VisualStudioVersion = 17.0.31903.59
MinimumVisualStudioVersion = 10.0.40219.1
Project("{2150E333-8FDC-42A3-9474-1A3956D46DE8}") = "BuildingBlocks", "BuildingBlocks", "{BB5D1D5B-4B2E-1005-A3F5-FD1FE771D0A9}"
EndProject
Project("{FAE04EC0-301F-11D3-BF4B-00C04F79EFBC}") = "Athly.BuildingBlocks.Domain", "src\BuildingBlocks\Athly.BuildingBlocks.Domain\Athly.BuildingBlocks.Domain.csproj", "{33DFA006-8A7C-4923-8BF4-0CAE0F01E93E}"
EndProject
Project("{FAE04EC0-301F-11D3-BF4B-00C04F79EFBC}") = "Athly.BuildingBlocks.EventBus", "src\BuildingBlocks\Athly.BuildingBlocks.EventBus\Athly.BuildingBlocks.EventBus.csproj", "{1A016757-F65F-48F5-AC12-2434C548A815}"
EndProject
Project("{FAE04EC0-301F-11D3-BF4B-00C04F79EFBC}") = "Athly.BuildingBlocks.Observability", "src\BuildingBlocks\Athly.BuildingBlocks.Observability\Athly.BuildingBlocks.Observability.csproj", "{E096A93E-3B1F-49BD-9998-40D2B127B198}"
EndProject
Project("{2150E333-8FDC-42A3-9474-1A3956D46DE8}") = "Services", "Services", "{5293AED1-3353-0F70-BE19-2AA0469BAC61}"
EndProject
Project("{2150E333-8FDC-42A3-9474-1A3956D46DE8}") = "SportEvents", "SportEvents", "{4B16FFA2-8B12-3217-E960-1F27A6C56F62}"
EndProject
Project("{FAE04EC0-301F-11D3-BF4B-00C04F79EFBC}") = "Athly.SportEvents.API", "src\Services\Athly.SportEvents\Athly.SportEvents.API\Athly.SportEvents.API.csproj", "{F35D011C-6269-4CC5-8B4B-78DB6AE2075E}"
EndProject
Project("{FAE04EC0-301F-11D3-BF4B-00C04F79EFBC}") = "Athly.SportEvents.Application", "src\Services\Athly.SportEvents\Athly.SportEvents.Application\Athly.SportEvents.Application.csproj", "{5A7AB69A-2EBF-471A-858D-597B7AF5EA5A}"
EndProject
Project("{FAE04EC0-301F-11D3-BF4B-00C04F79EFBC}") = "Athly.SportEvents.Domain", "src\Services\Athly.SportEvents\Athly.SportEvents.Domain\Athly.SportEvents.Domain.csproj", "{479B4990-E509-4669-80C8-9B308BFD986C}"
EndProject
Project("{FAE04EC0-301F-11D3-BF4B-00C04F79EFBC}") = "Athly.SportEvents.Infrastructure", "src\Services\Athly.SportEvents\Athly.SportEvents.Infrastructure\Athly.SportEvents.Infrastructure.csproj", "{345DEE80-025B-4D8D-BA36-1A6212E5114B}"
EndProject
Project("{2150E333-8FDC-42A3-9474-1A3956D46DE8}") = "Auth", "Auth", "{FE3FB199-55FF-42D1-1FD0-08473B5A7350}"
EndProject
Project("{FAE04EC0-301F-11D3-BF4B-00C04F79EFBC}") = "Athly.Auth.API", "src\Services\Athly.Auth\Athly.Auth.API\Athly.Auth.API.csproj", "{3F489756-4CF4-424B-9E47-78C37F7AEE0C}"
EndProject
Project("{FAE04EC0-301F-11D3-BF4B-00C04F79EFBC}") = "Athly.Auth.Core", "src\Services\Athly.Auth\Athly.Auth.Core\Athly.Auth.Core.csproj", "{DD461639-FAB6-4AD3-8043-D31DBBB4DF47}"
EndProject
Project("{FAE04EC0-301F-11D3-BF4B-00C04F79EFBC}") = "Athly.Auth.Infrastructure", "src\Services\Athly.Auth\Athly.Auth.Infrastructure\Athly.Auth.Infrastructure.csproj", "{545DB322-E115-4AD6-BA05-E94C13747429}"
EndProject
Project("{FAE04EC0-301F-11D3-BF4B-00C04F79EFBC}") = "Athly.Gateway", "src\Athly.Gateway\Athly.Gateway.csproj", "{AD959EA4-4B77-44CB-B49B-34F51BA72C0B}"
EndProject
Project("{FAE04EC0-301F-11D3-BF4B-00C04F79EFBC}") = "Athly.AppHost", "src\Athly.AppHost\Athly.AppHost.csproj", "{44A93D02-7D48-EC71-739E-F45742CA6C96}"
EndProject
Project("{FAE04EC0-301F-11D3-BF4B-00C04F79EFBC}") = "Athly.ServiceDefaults", "src\Athly.ServiceDefaults\Athly.ServiceDefaults.csproj", "{79D83C02-2785-A135-6682-F0163E5647F5}"
EndProject
Project("{2150E333-8FDC-42A3-9474-1A3956D46DE8}") = "src", "src", "{02EA681E-C7D8-13C7-8484-4AC65E1B71E8}"
EndProject
Project("{FAE04EC0-301F-11D3-BF4B-00C04F79EFBC}") = "Athly.SportEvents.Worker", "src\Services\Athly.SportEvents\Athly.SportEvents.Worker\Athly.SportEvents.Worker.csproj", "{6A6BDBEB-36CE-96AF-7E74-9627CEF333AA}"
EndProject
Global
	GlobalSection(SolutionConfigurationPlatforms) = preSolution
		Debug|Any CPU = Debug|Any CPU
		Debug|x64 = Debug|x64
		Debug|x86 = Debug|x86
		Release|Any CPU = Release|Any CPU
		Release|x64 = Release|x64
		Release|x86 = Release|x86
	EndGlobalSection
	GlobalSection(ProjectConfigurationPlatforms) = postSolution
		{33DFA006-8A7C-4923-8BF4-0CAE0F01E93E}.Debug|Any CPU.ActiveCfg = Debug|Any CPU
		{33DFA006-8A7C-4923-8BF4-0CAE0F01E93E}.Debug|Any CPU.Build.0 = Debug|Any CPU
		{33DFA006-8A7C-4923-8BF4-0CAE0F01E93E}.Debug|x64.ActiveCfg = Debug|Any CPU
		{33DFA006-8A7C-4923-8BF4-0CAE0F01E93E}.Debug|x64.Build.0 = Debug|Any CPU
		{33DFA006-8A7C-4923-8BF4-0CAE0F01E93E}.Debug|x86.ActiveCfg = Debug|Any CPU
		{33DFA006-8A7C-4923-8BF4-0CAE0F01E93E}.Debug|x86.Build.0 = Debug|Any CPU
		{33DFA006-8A7C-4923-8BF4-0CAE0F01E93E}.Release|Any CPU.ActiveCfg = Release|Any CPU
		{33DFA006-8A7C-4923-8BF4-0CAE0F01E93E}.Release|Any CPU.Build.0 = Release|Any CPU
		{33DFA006-8A7C-4923-8BF4-0CAE0F01E93E}.Release|x64.ActiveCfg = Release|Any CPU
		{33DFA006-8A7C-4923-8BF4-0CAE0F01E93E}.Release|x64.Build.0 = Release|Any CPU
		{33DFA006-8A7C-4923-8BF4-0CAE0F01E93E}.Release|x86.ActiveCfg = Release|Any CPU
		{33DFA006-8A7C-4923-8BF4-0CAE0F01E93E}.Release|x86.Build.0 = Release|Any CPU
		{1A016757-F65F-48F5-AC12-2434C548A815}.Debug|Any CPU.ActiveCfg = Debug|Any CPU
		{1A016757-F65F-48F5-AC12-2434C548A815}.Debug|Any CPU.Build.0 = Debug|Any CPU
		{1A016757-F65F-48F5-AC12-2434C548A815}.Debug|x64.ActiveCfg = Debug|Any CPU
		{1A016757-F65F-48F5-AC12-2434C548A815}.Debug|x64.Build.0 = Debug|Any CPU
		{1A016757-F65F-48F5-AC12-2434C548A815}.Debug|x86.ActiveCfg = Debug|Any CPU
		{1A016757-F65F-48F5-AC12-2434C548A815}.Debug|x86.Build.0 = Debug|Any CPU
		{1A016757-F65F-48F5-AC12-2434C548A815}.Release|Any CPU.ActiveCfg = Release|Any CPU
		{1A016757-F65F-48F5-AC12-2434C548A815}.Release|Any CPU.Build.0 = Release|Any CPU
		{1A016757-F65F-48F5-AC12-2434C548A815}.Release|x64.ActiveCfg = Release|Any CPU
		{1A016757-F65F-48F5-AC12-2434C548A815}.Release|x64.Build.0 = Release|Any CPU
		{1A016757-F65F-48F5-AC12-2434C548A815}.Release|x86.ActiveCfg = Release|Any CPU
		{1A016757-F65F-48F5-AC12-2434C548A815}.Release|x86.Build.0 = Release|Any CPU
		{E096A93E-3B1F-49BD-9998-40D2B127B198}.Debug|Any CPU.ActiveCfg = Debug|Any CPU
		{E096A93E-3B1F-49BD-9998-40D2B127B198}.Debug|Any CPU.Build.0 = Debug|Any CPU
		{E096A93E-3B1F-49BD-9998-40D2B127B198}.Debug|x64.ActiveCfg = Debug|Any CPU
		{E096A93E-3B1F-49BD-9998-40D2B127B198}.Debug|x64.Build.0 = Debug|Any CPU
		{E096A93E-3B1F-49BD-9998-40D2B127B198}.Debug|x86.ActiveCfg = Debug|Any CPU
		{E096A93E-3B1F-49BD-9998-40D2B127B198}.Debug|x86.Build.0 = Debug|Any CPU
		{E096A93E-3B1F-49BD-9998-40D2B127B198}.Release|Any CPU.ActiveCfg = Release|Any CPU
		{E096A93E-3B1F-49BD-9998-40D2B127B198}.Release|Any CPU.Build.0 = Release|Any CPU
		{E096A93E-3B1F-49BD-9998-40D2B127B198}.Release|x64.ActiveCfg = Release|Any CPU
		{E096A93E-3B1F-49BD-9998-40D2B127B198}.Release|x64.Build.0 = Release|Any CPU
		{E096A93E-3B1F-49BD-9998-40D2B127B198}.Release|x86.ActiveCfg = Release|Any CPU
		{E096A93E-3B1F-49BD-9998-40D2B127B198}.Release|x86.Build.0 = Release|Any CPU
		{F35D011C-6269-4CC5-8B4B-78DB6AE2075E}.Debug|Any CPU.ActiveCfg = Debug|Any CPU
		{F35D011C-6269-4CC5-8B4B-78DB6AE2075E}.Debug|Any CPU.Build.0 = Debug|Any CPU
		{F35D011C-6269-4CC5-8B4B-78DB6AE2075E}.Debug|x64.ActiveCfg = Debug|Any CPU
		{F35D011C-6269-4CC5-8B4B-78DB6AE2075E}.Debug|x64.Build.0 = Debug|Any CPU
		{F35D011C-6269-4CC5-8B4B-78DB6AE2075E}.Debug|x86.ActiveCfg = Debug|Any CPU
		{F35D011C-6269-4CC5-8B4B-78DB6AE2075E}.Debug|x86.Build.0 = Debug|Any CPU
		{F35D011C-6269-4CC5-8B4B-78DB6AE2075E}.Release|Any CPU.ActiveCfg = Release|Any CPU
		{F35D011C-6269-4CC5-8B4B-78DB6AE2075E}.Release|Any CPU.Build.0 = Release|Any CPU
		{F35D011C-6269-4CC5-8B4B-78DB6AE2075E}.Release|x64.ActiveCfg = Release|Any CPU
		{F35D011C-6269-4CC5-8B4B-78DB6AE2075E}.Release|x64.Build.0 = Release|Any CPU
		{F35D011C-6269-4CC5-8B4B-78DB6AE2075E}.Release|x86.ActiveCfg = Release|Any CPU
		{F35D011C-6269-4CC5-8B4B-78DB6AE2075E}.Release|x86.Build.0 = Release|Any CPU
		{5A7AB69A-2EBF-471A-858D-597B7AF5EA5A}.Debug|Any CPU.ActiveCfg = Debug|Any CPU
		{5A7AB69A-2EBF-471A-858D-597B7AF5EA5A}.Debug|Any CPU.Build.0 = Debug|Any CPU
		{5A7AB69A-2EBF-471A-858D-597B7AF5EA5A}.Debug|x64.ActiveCfg = Debug|Any CPU
		{5A7AB69A-2EBF-471A-858D-597B7AF5EA5A}.Debug|x64.Build.0 = Debug|Any CPU
		{5A7AB69A-2EBF-471A-858D-597B7AF5EA5A}.Debug|x86.ActiveCfg = Debug|Any CPU
		{5A7AB69A-2EBF-471A-858D-597B7AF5EA5A}.Debug|x86.Build.0 = Debug|Any CPU
		{5A7AB69A-2EBF-471A-858D-597B7AF5EA5A}.Release|Any CPU.ActiveCfg = Release|Any CPU
		{5A7AB69A-2EBF-471A-858D-597B7AF5EA5A}.Release|Any CPU.Build.0 = Release|Any CPU
		{5A7AB69A-2EBF-471A-858D-597B7AF5EA5A}.Release|x64.ActiveCfg = Release|Any CPU
		{5A7AB69A-2EBF-471A-858D-597B7AF5EA5A}.Release|x64.Build.0 = Release|Any CPU
		{5A7AB69A-2EBF-471A-858D-597B7AF5EA5A}.Release|x86.ActiveCfg = Release|Any CPU
		{5A7AB69A-2EBF-471A-858D-597B7AF5EA5A}.Release|x86.Build.0 = Release|Any CPU
		{479B4990-E509-4669-80C8-9B308BFD986C}.Debug|Any CPU.ActiveCfg = Debug|Any CPU
		{479B4990-E509-4669-80C8-9B308BFD986C}.Debug|Any CPU.Build.0 = Debug|Any CPU
		{479B4990-E509-4669-80C8-9B308BFD986C}.Debug|x64.ActiveCfg = Debug|Any CPU
		{479B4990-E509-4669-80C8-9B308BFD986C}.Debug|x64.Build.0 = Debug|Any CPU
		{479B4990-E509-4669-80C8-9B308BFD986C}.Debug|x86.ActiveCfg = Debug|Any CPU
		{479B4990-E509-4669-80C8-9B308BFD986C}.Debug|x86.Build.0 = Debug|Any CPU
		{479B4990-E509-4669-80C8-9B308BFD986C}.Release|Any CPU.ActiveCfg = Release|Any CPU
		{479B4990-E509-4669-80C8-9B308BFD986C}.Release|Any CPU.Build.0 = Release|Any CPU
		{479B4990-E509-4669-80C8-9B308BFD986C}.Release|x64.ActiveCfg = Release|Any CPU
		{479B4990-E509-4669-80C8-9B308BFD986C}.Release|x64.Build.0 = Release|Any CPU
		{479B4990-E509-4669-80C8-9B308BFD986C}.Release|x86.ActiveCfg = Release|Any CPU
		{479B4990-E509-4669-80C8-9B308BFD986C}.Release|x86.Build.0 = Release|Any CPU
		{345DEE80-025B-4D8D-BA36-1A6212E5114B}.Debug|Any CPU.ActiveCfg = Debug|Any CPU
		{345DEE80-025B-4D8D-BA36-1A6212E5114B}.Debug|Any CPU.Build.0 = Debug|Any CPU
		{345DEE80-025B-4D8D-BA36-1A6212E5114B}.Debug|x64.ActiveCfg = Debug|Any CPU
		{345DEE80-025B-4D8D-BA36-1A6212E5114B}.Debug|x64.Build.0 = Debug|Any CPU
		{345DEE80-025B-4D8D-BA36-1A6212E5114B}.Debug|x86.ActiveCfg = Debug|Any CPU
		{345DEE80-025B-4D8D-BA36-1A6212E5114B}.Debug|x86.Build.0 = Debug|Any CPU
		{345DEE80-025B-4D8D-BA36-1A6212E5114B}.Release|Any CPU.ActiveCfg = Release|Any CPU
		{345DEE80-025B-4D8D-BA36-1A6212E5114B}.Release|Any CPU.Build.0 = Release|Any CPU
		{345DEE80-025B-4D8D-BA36-1A6212E5114B}.Release|x64.ActiveCfg = Release|Any CPU
		{345DEE80-025B-4D8D-BA36-1A6212E5114B}.Release|x64.Build.0 = Release|Any CPU
		{345DEE80-025B-4D8D-BA36-1A6212E5114B}.Release|x86.ActiveCfg = Release|Any CPU
		{345DEE80-025B-4D8D-BA36-1A6212E5114B}.Release|x86.Build.0 = Release|Any CPU
		{3F489756-4CF4-424B-9E47-78C37F7AEE0C}.Debug|Any CPU.ActiveCfg = Debug|Any CPU
		{3F489756-4CF4-424B-9E47-78C37F7AEE0C}.Debug|Any CPU.Build.0 = Debug|Any CPU
		{3F489756-4CF4-424B-9E47-78C37F7AEE0C}.Debug|x64.ActiveCfg = Debug|Any CPU
		{3F489756-4CF4-424B-9E47-78C37F7AEE0C}.Debug|x64.Build.0 = Debug|Any CPU
		{3F489756-4CF4-424B-9E47-78C37F7AEE0C}.Debug|x86.ActiveCfg = Debug|Any CPU
		{3F489756-4CF4-424B-9E47-78C37F7AEE0C}.Debug|x86.Build.0 = Debug|Any CPU
		{3F489756-4CF4-424B-9E47-78C37F7AEE0C}.Release|Any CPU.ActiveCfg = Release|Any CPU
		{3F489756-4CF4-424B-9E47-78C37F7AEE0C}.Release|Any CPU.Build.0 = Release|Any CPU
		{3F489756-4CF4-424B-9E47-78C37F7AEE0C}.Release|x64.ActiveCfg = Release|Any CPU
		{3F489756-4CF4-424B-9E47-78C37F7AEE0C}.Release|x64.Build.0 = Release|Any CPU
		{3F489756-4CF4-424B-9E47-78C37F7AEE0C}.Release|x86.ActiveCfg = Release|Any CPU
		{3F489756-4CF4-424B-9E47-78C37F7AEE0C}.Release|x86.Build.0 = Release|Any CPU
		{DD461639-FAB6-4AD3-8043-D31DBBB4DF47}.Debug|Any CPU.ActiveCfg = Debug|Any CPU
		{DD461639-FAB6-4AD3-8043-D31DBBB4DF47}.Debug|Any CPU.Build.0 = Debug|Any CPU
		{DD461639-FAB6-4AD3-8043-D31DBBB4DF47}.Debug|x64.ActiveCfg = Debug|Any CPU
		{DD461639-FAB6-4AD3-8043-D31DBBB4DF47}.Debug|x64.Build.0 = Debug|Any CPU
		{DD461639-FAB6-4AD3-8043-D31DBBB4DF47}.Debug|x86.ActiveCfg = Debug|Any CPU
		{DD461639-FAB6-4AD3-8043-D31DBBB4DF47}.Debug|x86.Build.0 = Debug|Any CPU
		{DD461639-FAB6-4AD3-8043-D31DBBB4DF47}.Release|Any CPU.ActiveCfg = Release|Any CPU
		{DD461639-FAB6-4AD3-8043-D31DBBB4DF47}.Release|Any CPU.Build.0 = Release|Any CPU
		{DD461639-FAB6-4AD3-8043-D31DBBB4DF47}.Release|x64.ActiveCfg = Release|Any CPU
		{DD461639-FAB6-4AD3-8043-D31DBBB4DF47}.Release|x64.Build.0 = Release|Any CPU
		{DD461639-FAB6-4AD3-8043-D31DBBB4DF47}.Release|x86.ActiveCfg = Release|Any CPU
		{DD461639-FAB6-4AD3-8043-D31DBBB4DF47}.Release|x86.Build.0 = Release|Any CPU
		{545DB322-E115-4AD6-BA05-E94C13747429}.Debug|Any CPU.ActiveCfg = Debug|Any CPU
		{545DB322-E115-4AD6-BA05-E94C13747429}.Debug|Any CPU.Build.0 = Debug|Any CPU
		{545DB322-E115-4AD6-BA05-E94C13747429}.Debug|x64.ActiveCfg = Debug|Any CPU
		{545DB322-E115-4AD6-BA05-E94C13747429}.Debug|x64.Build.0 = Debug|Any CPU
		{545DB322-E115-4AD6-BA05-E94C13747429}.Debug|x86.ActiveCfg = Debug|Any CPU
		{545DB322-E115-4AD6-BA05-E94C13747429}.Debug|x86.Build.0 = Debug|Any CPU
		{545DB322-E115-4AD6-BA05-E94C13747429}.Release|Any CPU.ActiveCfg = Release|Any CPU
		{545DB322-E115-4AD6-BA05-E94C13747429}.Release|Any CPU.Build.0 = Release|Any CPU
		{545DB322-E115-4AD6-BA05-E94C13747429}.Release|x64.ActiveCfg = Release|Any CPU
		{545DB322-E115-4AD6-BA05-E94C13747429}.Release|x64.Build.0 = Release|Any CPU
		{545DB322-E115-4AD6-BA05-E94C13747429}.Release|x86.ActiveCfg = Release|Any CPU
		{545DB322-E115-4AD6-BA05-E94C13747429}.Release|x86.Build.0 = Release|Any CPU
		{AD959EA4-4B77-44CB-B49B-34F51BA72C0B}.Debug|Any CPU.ActiveCfg = Debug|Any CPU
		{AD959EA4-4B77-44CB-B49B-34F51BA72C0B}.Debug|Any CPU.Build.0 = Debug|Any CPU
		{AD959EA4-4B77-44CB-B49B-34F51BA72C0B}.Debug|x64.ActiveCfg = Debug|Any CPU
		{AD959EA4-4B77-44CB-B49B-34F51BA72C0B}.Debug|x64.Build.0 = Debug|Any CPU
		{AD959EA4-4B77-44CB-B49B-34F51BA72C0B}.Debug|x86.ActiveCfg = Debug|Any CPU
		{AD959EA4-4B77-44CB-B49B-34F51BA72C0B}.Debug|x86.Build.0 = Debug|Any CPU
		{AD959EA4-4B77-44CB-B49B-34F51BA72C0B}.Release|Any CPU.ActiveCfg = Release|Any CPU
		{AD959EA4-4B77-44CB-B49B-34F51BA72C0B}.Release|Any CPU.Build.0 = Release|Any CPU
		{AD959EA4-4B77-44CB-B49B-34F51BA72C0B}.Release|x64.ActiveCfg = Release|Any CPU
		{AD959EA4-4B77-44CB-B49B-34F51BA72C0B}.Release|x64.Build.0 = Release|Any CPU
		{AD959EA4-4B77-44CB-B49B-34F51BA72C0B}.Release|x86.ActiveCfg = Release|Any CPU
		{AD959EA4-4B77-44CB-B49B-34F51BA72C0B}.Release|x86.Build.0 = Release|Any CPU
		{44A93D02-7D48-EC71-739E-F45742CA6C96}.Debug|Any CPU.ActiveCfg = Debug|Any CPU
		{44A93D02-7D48-EC71-739E-F45742CA6C96}.Debug|Any CPU.Build.0 = Debug|Any CPU
		{44A93D02-7D48-EC71-739E-F45742CA6C96}.Debug|x64.ActiveCfg = Debug|Any CPU
		{44A93D02-7D48-EC71-739E-F45742CA6C96}.Debug|x64.Build.0 = Debug|Any CPU
		{44A93D02-7D48-EC71-739E-F45742CA6C96}.Debug|x86.ActiveCfg = Debug|Any CPU
		{44A93D02-7D48-EC71-739E-F45742CA6C96}.Debug|x86.Build.0 = Debug|Any CPU
		{44A93D02-7D48-EC71-739E-F45742CA6C96}.Release|Any CPU.ActiveCfg = Release|Any CPU
		{44A93D02-7D48-EC71-739E-F45742CA6C96}.Release|Any CPU.Build.0 = Release|Any CPU
		{44A93D02-7D48-EC71-739E-F45742CA6C96}.Release|x64.ActiveCfg = Release|Any CPU
		{44A93D02-7D48-EC71-739E-F45742CA6C96}.Release|x64.Build.0 = Release|Any CPU
		{44A93D02-7D48-EC71-739E-F45742CA6C96}.Release|x86.ActiveCfg = Release|Any CPU
		{44A93D02-7D48-EC71-739E-F45742CA6C96}.Release|x86.Build.0 = Release|Any CPU
		{79D83C02-2785-A135-6682-F0163E5647F5}.Debug|Any CPU.ActiveCfg = Debug|Any CPU
		{79D83C02-2785-A135-6682-F0163E5647F5}.Debug|Any CPU.Build.0 = Debug|Any CPU
		{79D83C02-2785-A135-6682-F0163E5647F5}.Debug|x64.ActiveCfg = Debug|Any CPU
		{79D83C02-2785-A135-6682-F0163E5647F5}.Debug|x64.Build.0 = Debug|Any CPU
		{79D83C02-2785-A135-6682-F0163E5647F5}.Debug|x86.ActiveCfg = Debug|Any CPU
		{79D83C02-2785-A135-6682-F0163E5647F5}.Debug|x86.Build.0 = Debug|Any CPU
		{79D83C02-2785-A135-6682-F0163E5647F5}.Release|Any CPU.ActiveCfg = Release|Any CPU
		{79D83C02-2785-A135-6682-F0163E5647F5}.Release|Any CPU.Build.0 = Release|Any CPU
		{79D83C02-2785-A135-6682-F0163E5647F5}.Release|x64.ActiveCfg = Release|Any CPU
		{79D83C02-2785-A135-6682-F0163E5647F5}.Release|x64.Build.0 = Release|Any CPU
		{79D83C02-2785-A135-6682-F0163E5647F5}.Release|x86.ActiveCfg = Release|Any CPU
		{79D83C02-2785-A135-6682-F0163E5647F5}.Release|x86.Build.0 = Release|Any CPU
		{6A6BDBEB-36CE-96AF-7E74-9627CEF333AA}.Debug|Any CPU.ActiveCfg = Debug|Any CPU
		{6A6BDBEB-36CE-96AF-7E74-9627CEF333AA}.Debug|Any CPU.Build.0 = Debug|Any CPU
		{6A6BDBEB-36CE-96AF-7E74-9627CEF333AA}.Debug|x64.ActiveCfg = Debug|Any CPU
		{6A6BDBEB-36CE-96AF-7E74-9627CEF333AA}.Debug|x64.Build.0 = Debug|Any CPU
		{6A6BDBEB-36CE-96AF-7E74-9627CEF333AA}.Debug|x86.ActiveCfg = Debug|Any CPU
		{6A6BDBEB-36CE-96AF-7E74-9627CEF333AA}.Debug|x86.Build.0 = Debug|Any CPU
		{6A6BDBEB-36CE-96AF-7E74-9627CEF333AA}.Release|Any CPU.ActiveCfg = Release|Any CPU
		{6A6BDBEB-36CE-96AF-7E74-9627CEF333AA}.Release|Any CPU.Build.0 = Release|Any CPU
		{6A6BDBEB-36CE-96AF-7E74-9627CEF333AA}.Release|x64.ActiveCfg = Release|Any CPU
		{6A6BDBEB-36CE-96AF-7E74-9627CEF333AA}.Release|x64.Build.0 = Release|Any CPU
		{6A6BDBEB-36CE-96AF-7E74-9627CEF333AA}.Release|x86.ActiveCfg = Release|Any CPU
		{6A6BDBEB-36CE-96AF-7E74-9627CEF333AA}.Release|x86.Build.0 = Release|Any CPU
	EndGlobalSection
	GlobalSection(SolutionProperties) = preSolution
		HideSolutionNode = FALSE
	EndGlobalSection
	GlobalSection(NestedProjects) = preSolution
		{BB5D1D5B-4B2E-1005-A3F5-FD1FE771D0A9} = {02EA681E-C7D8-13C7-8484-4AC65E1B71E8}
		{33DFA006-8A7C-4923-8BF4-0CAE0F01E93E} = {BB5D1D5B-4B2E-1005-A3F5-FD1FE771D0A9}
		{1A016757-F65F-48F5-AC12-2434C548A815} = {BB5D1D5B-4B2E-1005-A3F5-FD1FE771D0A9}
		{E096A93E-3B1F-49BD-9998-40D2B127B198} = {BB5D1D5B-4B2E-1005-A3F5-FD1FE771D0A9}
		{5293AED1-3353-0F70-BE19-2AA0469BAC61} = {02EA681E-C7D8-13C7-8484-4AC65E1B71E8}
		{4B16FFA2-8B12-3217-E960-1F27A6C56F62} = {5293AED1-3353-0F70-BE19-2AA0469BAC61}
		{F35D011C-6269-4CC5-8B4B-78DB6AE2075E} = {4B16FFA2-8B12-3217-E960-1F27A6C56F62}
		{5A7AB69A-2EBF-471A-858D-597B7AF5EA5A} = {4B16FFA2-8B12-3217-E960-1F27A6C56F62}
		{479B4990-E509-4669-80C8-9B308BFD986C} = {4B16FFA2-8B12-3217-E960-1F27A6C56F62}
		{345DEE80-025B-4D8D-BA36-1A6212E5114B} = {4B16FFA2-8B12-3217-E960-1F27A6C56F62}
		{FE3FB199-55FF-42D1-1FD0-08473B5A7350} = {5293AED1-3353-0F70-BE19-2AA0469BAC61}
		{3F489756-4CF4-424B-9E47-78C37F7AEE0C} = {FE3FB199-55FF-42D1-1FD0-08473B5A7350}
		{DD461639-FAB6-4AD3-8043-D31DBBB4DF47} = {FE3FB199-55FF-42D1-1FD0-08473B5A7350}
		{545DB322-E115-4AD6-BA05-E94C13747429} = {FE3FB199-55FF-42D1-1FD0-08473B5A7350}
		{AD959EA4-4B77-44CB-B49B-34F51BA72C0B} = {02EA681E-C7D8-13C7-8484-4AC65E1B71E8}
		{44A93D02-7D48-EC71-739E-F45742CA6C96} = {02EA681E-C7D8-13C7-8484-4AC65E1B71E8}
		{79D83C02-2785-A135-6682-F0163E5647F5} = {02EA681E-C7D8-13C7-8484-4AC65E1B71E8}
		{6A6BDBEB-36CE-96AF-7E74-9627CEF333AA} = {4B16FFA2-8B12-3217-E960-1F27A6C56F62}
	EndGlobalSection
	GlobalSection(ExtensibilityGlobals) = postSolution
		SolutionGuid = {EF45B03F-F7B9-41CB-8B69-D35A3992C1C9}
	EndGlobalSection
EndGlobal
